
Microsoft Visual Studio Solution File, Format Version 12.00
# Visual Studio Version 17
VisualStudioVersion = 17.4.33122.133
MinimumVisualStudioVersion = 10.0.40219.1
Project("{9A19103F-16F7-4668-BE54-9A1E7A4F7556}") = "FootballManager", "FootballManager\FootballManager.csproj", "{73B87C03-E104-4845-AB07-FBFA44184FC9}"
EndProject
Global
	GlobalSection(SolutionConfigurationPlatforms) = preSolution
		Debug|Any CPU = Debug|Any CPU
		Release|Any CPU = Release|Any CPU
	EndGlobalSection
	GlobalSection(ProjectConfigurationPlatforms) = postSolution
		{73B87C03-E104-4845-AB07-FBFA44184FC9}.Debug|Any CPU.ActiveCfg = Debug|Any CPU
		{73B87C03-E104-4845-AB07-FBFA44184FC9}.Debug|Any CPU.Build.0 = Debug|Any CPU
		{73B87C03-E104-4845-AB07-FBFA44184FC9}.Release|Any CPU.ActiveCfg = Release|Any CPU
		{73B87C03-E104-4845-AB07-FBFA44184FC9}.Release|Any CPU.Build.0 = Release|Any CPU
	EndGlobalSection
	GlobalSection(SolutionProperties) = preSolution
		HideSolutionNode = FALSE
	EndGlobalSection
	GlobalSection(ExtensibilityGlobals) = postSolution
		SolutionGuid = {EBAC281F-D7B8-4746-B2F6-AF0C042E048B}
	EndGlobalSection
EndGlobal
